
Microsoft Visual Studio Solution File, Format Version 12.00
# Visual Studio Version 16
VisualStudioVersion = 16.0.31105.61
MinimumVisualStudioVersion = 10.0.40219.1
Project("{9A19103F-16F7-4668-BE54-9A1E7A4F7556}") = "Deliverable1", "Deliverable1\Deliverable1.csproj", "{0ECA263D-1D0A-45BE-894D-95E09A7878CB}"
EndProject
Project("{FAE04EC0-301F-11D3-BF4B-00C04F79EFBC}") = "ConsoleApp1", "..\ConsoleApp1\ConsoleApp1\ConsoleApp1.csproj", "{E14E3BF9-A4CA-4C41-AE35-B18433534213}"
EndProject
Global
	GlobalSection(SolutionConfigurationPlatforms) = preSolution
		Debug|Any CPU = Debug|Any CPU
		Release|Any CPU = Release|Any CPU
	EndGlobalSection
	GlobalSection(ProjectConfigurationPlatforms) = postSolution
		{0ECA263D-1D0A-45BE-894D-95E09A7878CB}.Debug|Any CPU.ActiveCfg = Debug|Any CPU
		{0ECA263D-1D0A-45BE-894D-95E09A7878CB}.Debug|Any CPU.Build.0 = Debug|Any CPU
		{0ECA263D-1D0A-45BE-894D-95E09A7878CB}.Release|Any CPU.ActiveCfg = Release|Any CPU
		{0ECA263D-1D0A-45BE-894D-95E09A7878CB}.Release|Any CPU.Build.0 = Release|Any CPU
		{E14E3BF9-A4CA-4C41-AE35-B18433534213}.Debug|Any CPU.ActiveCfg = Debug|Any CPU
		{E14E3BF9-A4CA-4C41-AE35-B18433534213}.Debug|Any CPU.Build.0 = Debug|Any CPU
		{E14E3BF9-A4CA-4C41-AE35-B18433534213}.Release|Any CPU.ActiveCfg = Release|Any CPU
		{E14E3BF9-A4CA-4C41-AE35-B18433534213}.Release|Any CPU.Build.0 = Release|Any CPU
	EndGlobalSection
	GlobalSection(SolutionProperties) = preSolution
		HideSolutionNode = FALSE
	EndGlobalSection
	GlobalSection(ExtensibilityGlobals) = postSolution
		SolutionGuid = {456A8C26-ED6C-4403-8549-1BB540349FCD}
	EndGlobalSection
EndGlobal
